
Microsoft Visual Studio Solution File, Format Version 12.00
# Visual Studio Version 17
VisualStudioVersion = 17.2.32616.157
MinimumVisualStudioVersion = 10.0.40219.1
Project("{FAE04EC0-301F-11D3-BF4B-00C04F79EFBC}") = "Windows", "Windows.csproj", "{7A4B74CC-B62C-437A-862A-88214577F91B}"
EndProject
Global
	GlobalSection(SolutionConfigurationPlatforms) = preSolution
		Debug|Any CPU = Debug|Any CPU
		Release|Any CPU = Release|Any CPU
	EndGlobalSection
	GlobalSection(ProjectConfigurationPlatforms) = postSolution
		{7A4B74CC-B62C-437A-862A-88214577F91B}.Debug|Any CPU.ActiveCfg = Debug|Any CPU
		{7A4B74CC-B62C-437A-862A-88214577F91B}.Debug|Any CPU.Build.0 = Debug|Any CPU
		{7A4B74CC-B62C-437A-862A-88214577F91B}.Release|Any CPU.ActiveCfg = Release|Any CPU
		{7A4B74CC-B62C-437A-862A-88214577F91B}.Release|Any CPU.Build.0 = Release|Any CPU
	EndGlobalSection
	GlobalSection(SolutionProperties) = preSolution
		HideSolutionNode = FALSE
	EndGlobalSection
	GlobalSection(ExtensibilityGlobals) = postSolution
		SolutionGuid = {F15A67BE-4832-4DBC-B41E-EC386A90F19E}
	EndGlobalSection
EndGlobal
